
Microsoft Visual Studio Solution File, Format Version 12.00
# Visual Studio Version 17
VisualStudioVersion = 17.6.33712.159
MinimumVisualStudioVersion = 10.0.40219.1
Project("{FAE04EC0-301F-11D3-BF4B-00C04F79EFBC}") = "PS.Server", "PS.Server\PS.Server.csproj", "{64F12C3D-3B55-41C4-9C7B-FDFD00F370A9}"
EndProject
Global
	GlobalSection(SolutionConfigurationPlatforms) = preSolution
		Debug|Any CPU = Debug|Any CPU
		Release|Any CPU = Release|Any CPU
	EndGlobalSection
	GlobalSection(ProjectConfigurationPlatforms) = postSolution
		{64F12C3D-3B55-41C4-9C7B-FDFD00F370A9}.Debug|Any CPU.ActiveCfg = Debug|Any CPU
		{64F12C3D-3B55-41C4-9C7B-FDFD00F370A9}.Debug|Any CPU.Build.0 = Debug|Any CPU
		{64F12C3D-3B55-41C4-9C7B-FDFD00F370A9}.Release|Any CPU.ActiveCfg = Release|Any CPU
		{64F12C3D-3B55-41C4-9C7B-FDFD00F370A9}.Release|Any CPU.Build.0 = Release|Any CPU
	EndGlobalSection
	GlobalSection(SolutionProperties) = preSolution
		HideSolutionNode = FALSE
	EndGlobalSection
	GlobalSection(ExtensibilityGlobals) = postSolution
		SolutionGuid = {B555AC0C-9D8F-4635-B274-0693360D1290}
	EndGlobalSection
EndGlobal
